
Microsoft Visual Studio Solution File, Format Version 12.00
# Visual Studio Version 16
VisualStudioVersion = 16.0.28803.452
MinimumVisualStudioVersion = 10.0.40219.1
Project("{FAE04EC0-301F-11D3-BF4B-00C04F79EFBC}") = "PowerPlantV2", "PowerPlantV2\PowerPlantV2.csproj", "{845F8752-F379-49AD-9D22-7034706F3BAD}"
EndProject
Global
	GlobalSection(SolutionConfigurationPlatforms) = preSolution
		Debug|Any CPU = Debug|Any CPU
		Release|Any CPU = Release|Any CPU
	EndGlobalSection
	GlobalSection(ProjectConfigurationPlatforms) = postSolution
		{845F8752-F379-49AD-9D22-7034706F3BAD}.Debug|Any CPU.ActiveCfg = Debug|Any CPU
		{845F8752-F379-49AD-9D22-7034706F3BAD}.Debug|Any CPU.Build.0 = Debug|Any CPU
		{845F8752-F379-49AD-9D22-7034706F3BAD}.Release|Any CPU.ActiveCfg = Release|Any CPU
		{845F8752-F379-49AD-9D22-7034706F3BAD}.Release|Any CPU.Build.0 = Release|Any CPU
	EndGlobalSection
	GlobalSection(SolutionProperties) = preSolution
		HideSolutionNode = FALSE
	EndGlobalSection
	GlobalSection(ExtensibilityGlobals) = postSolution
		SolutionGuid = {FA3715AB-FF63-44E7-9809-C3C3AA50ACFE}
	EndGlobalSection
EndGlobal
